// !$*UTF8*$!
{
	archiveVersion = 1;
	classes = {
	};
	objectVersion = 56;
	objects = {

/* Begin PBXBuildFile section */
		34152DBC2C6E1F9B00704E9C /* ArticlesModel.swift in Sources */ = {isa = PBXBuildFile; fileRef = 34152DBB2C6E1F9B00704E9C /* ArticlesModel.swift */; };
		34152DBE2C6E27E700704E9C /* ArticlesAddNewView.swift in Sources */ = {isa = PBXBuildFile; fileRef = 34152DBD2C6E27E700704E9C /* ArticlesAddNewView.swift */; };
		34152DC12C6E287400704E9C /* ButtonStyleViewModifier.swift in Sources */ = {isa = PBXBuildFile; fileRef = 34152DBF2C6E287400704E9C /* ButtonStyleViewModifier.swift */; };
		34152DC22C6E287400704E9C /* RoundedCornerShape.swift in Sources */ = {isa = PBXBuildFile; fileRef = 34152DC02C6E287400704E9C /* RoundedCornerShape.swift */; };
		34152DC42C6E290700704E9C /* TextFieldViewModifier.swift in Sources */ = {isa = PBXBuildFile; fileRef = 34152DC32C6E290700704E9C /* TextFieldViewModifier.swift */; };
		34152DC62C6E3BEB00704E9C /* CategoryLine.swift in Sources */ = {isa = PBXBuildFile; fileRef = 34152DC52C6E3BEB00704E9C /* CategoryLine.swift */; };
		34152DCA2C6E43CE00704E9C /* CategoryLineView.swift in Sources */ = {isa = PBXBuildFile; fileRef = 34152DC92C6E43CE00704E9C /* CategoryLineView.swift */; };
		34152DCC2C6E46C400704E9C /* ArticlesViewModel.swift in Sources */ = {isa = PBXBuildFile; fileRef = 34152DCB2C6E46C400704E9C /* ArticlesViewModel.swift */; };
		346CEDA02C3D33830099DF2F /* RootUIView.swift in Sources */ = {isa = PBXBuildFile; fileRef = 346CED9F2C3D33830099DF2F /* RootUIView.swift */; };
		346CEDA22C3D345C0099DF2F /* IntroView.swift in Sources */ = {isa = PBXBuildFile; fileRef = 346CEDA12C3D345C0099DF2F /* IntroView.swift */; };
		346F72492C8B565000A3F013 /* PreviewContainer.swift in Sources */ = {isa = PBXBuildFile; fileRef = 346F72482C8B565000A3F013 /* PreviewContainer.swift */; };
		346F724B2C8B568900A3F013 /* ArticlesSamples.swift in Sources */ = {isa = PBXBuildFile; fileRef = 346F724A2C8B568900A3F013 /* ArticlesSamples.swift */; };
		34A3C3EF2C87615700B548A3 /* ArticlesEditView.swift in Sources */ = {isa = PBXBuildFile; fileRef = 34A3C3EE2C87615700B548A3 /* ArticlesEditView.swift */; };
		34ABC92F2C6DF7A600D2F734 /* RowViewComponent.swift in Sources */ = {isa = PBXBuildFile; fileRef = 34ABC92E2C6DF7A600D2F734 /* RowViewComponent.swift */; };
		34C3C4EF2C3BF16F00D47100 /* JournaNetPostsAppApp.swift in Sources */ = {isa = PBXBuildFile; fileRef = 34C3C4EE2C3BF16F00D47100 /* JournaNetPostsAppApp.swift */; };
		34C3C4F12C3BF16F00D47100 /* OnboardView.swift in Sources */ = {isa = PBXBuildFile; fileRef = 34C3C4F02C3BF16F00D47100 /* OnboardView.swift */; };
		34C3C4F32C3BF17000D47100 /* Assets.xcassets in Resources */ = {isa = PBXBuildFile; fileRef = 34C3C4F22C3BF17000D47100 /* Assets.xcassets */; };
		34C3C4F62C3BF17000D47100 /* Preview Assets.xcassets in Resources */ = {isa = PBXBuildFile; fileRef = 34C3C4F52C3BF17000D47100 /* Preview Assets.xcassets */; };
		34C3C5002C3C1C8900D47100 /* OnboardViewLogo.swift in Sources */ = {isa = PBXBuildFile; fileRef = 34C3C4FF2C3C1C8900D47100 /* OnboardViewLogo.swift */; };
		34CC71DD2C3D491700B472E1 /* Tab.swift in Sources */ = {isa = PBXBuildFile; fileRef = 34CC71DC2C3D491700B472E1 /* Tab.swift */; };
		34CC71E22C3D5C3400B472E1 /* ArticlesView.swift in Sources */ = {isa = PBXBuildFile; fileRef = 34CC71E12C3D5C3400B472E1 /* ArticlesView.swift */; };
		34CC71E42C3D5C6D00B472E1 /* EventsView.swift in Sources */ = {isa = PBXBuildFile; fileRef = 34CC71E32C3D5C6D00B472E1 /* EventsView.swift */; };
		34CC71E62C3D5CA300B472E1 /* BudgetView.swift in Sources */ = {isa = PBXBuildFile; fileRef = 34CC71E52C3D5CA300B472E1 /* BudgetView.swift */; };
		34CC71E82C3D5CB900B472E1 /* PostsView.swift in Sources */ = {isa = PBXBuildFile; fileRef = 34CC71E72C3D5CB900B472E1 /* PostsView.swift */; };
		34CC71EA2C3D5CD200B472E1 /* SettingsView.swift in Sources */ = {isa = PBXBuildFile; fileRef = 34CC71E92C3D5CD200B472E1 /* SettingsView.swift */; };
		34E8332A2C889E4000BBA707 /* ArticlesInfoView.swift in Sources */ = {isa = PBXBuildFile; fileRef = 34E833292C889E4000BBA707 /* ArticlesInfoView.swift */; };
		34E8332D2C88B17300BBA707 /* DeveloperPreview.swift in Sources */ = {isa = PBXBuildFile; fileRef = 34E8332C2C88B17300BBA707 /* DeveloperPreview.swift */; };
/* End PBXBuildFile section */

/* Begin PBXFileReference section */
		34152DBB2C6E1F9B00704E9C /* ArticlesModel.swift */ = {isa = PBXFileReference; lastKnownFileType = sourcecode.swift; path = ArticlesModel.swift; sourceTree = "<group>"; };
		34152DBD2C6E27E700704E9C /* ArticlesAddNewView.swift */ = {isa = PBXFileReference; lastKnownFileType = sourcecode.swift; path = ArticlesAddNewView.swift; sourceTree = "<group>"; };
		34152DBF2C6E287400704E9C /* ButtonStyleViewModifier.swift */ = {isa = PBXFileReference; fileEncoding = 4; lastKnownFileType = sourcecode.swift; path = ButtonStyleViewModifier.swift; sourceTree = "<group>"; };
		34152DC02C6E287400704E9C /* RoundedCornerShape.swift */ = {isa = PBXFileReference; fileEncoding = 4; lastKnownFileType = sourcecode.swift; path = RoundedCornerShape.swift; sourceTree = "<group>"; };
		34152DC32C6E290700704E9C /* TextFieldViewModifier.swift */ = {isa = PBXFileReference; lastKnownFileType = sourcecode.swift; path = TextFieldViewModifier.swift; sourceTree = "<group>"; };
		34152DC52C6E3BEB00704E9C /* CategoryLine.swift */ = {isa = PBXFileReference; lastKnownFileType = sourcecode.swift; path = CategoryLine.swift; sourceTree = "<group>"; };
		34152DC92C6E43CE00704E9C /* CategoryLineView.swift */ = {isa = PBXFileReference; lastKnownFileType = sourcecode.swift; path = CategoryLineView.swift; sourceTree = "<group>"; };
		34152DCB2C6E46C400704E9C /* ArticlesViewModel.swift */ = {isa = PBXFileReference; lastKnownFileType = sourcecode.swift; path = ArticlesViewModel.swift; sourceTree = "<group>"; };
		346CED9F2C3D33830099DF2F /* RootUIView.swift */ = {isa = PBXFileReference; lastKnownFileType = sourcecode.swift; path = RootUIView.swift; sourceTree = "<group>"; };
		346CEDA12C3D345C0099DF2F /* IntroView.swift */ = {isa = PBXFileReference; lastKnownFileType = sourcecode.swift; path = IntroView.swift; sourceTree = "<group>"; };
		346F72482C8B565000A3F013 /* PreviewContainer.swift */ = {isa = PBXFileReference; lastKnownFileType = sourcecode.swift; path = PreviewContainer.swift; sourceTree = "<group>"; };
		346F724A2C8B568900A3F013 /* ArticlesSamples.swift */ = {isa = PBXFileReference; lastKnownFileType = sourcecode.swift; path = ArticlesSamples.swift; sourceTree = "<group>"; };
		34A3C3EE2C87615700B548A3 /* ArticlesEditView.swift */ = {isa = PBXFileReference; lastKnownFileType = sourcecode.swift; path = ArticlesEditView.swift; sourceTree = "<group>"; };
		34ABC92E2C6DF7A600D2F734 /* RowViewComponent.swift */ = {isa = PBXFileReference; lastKnownFileType = sourcecode.swift; path = RowViewComponent.swift; sourceTree = "<group>"; };
		34C3C4EB2C3BF16F00D47100 /* JournaNetPostsApp.app */ = {isa = PBXFileReference; explicitFileType = wrapper.application; includeInIndex = 0; path = JournaNetPostsApp.app; sourceTree = BUILT_PRODUCTS_DIR; };
		34C3C4EE2C3BF16F00D47100 /* JournaNetPostsAppApp.swift */ = {isa = PBXFileReference; lastKnownFileType = sourcecode.swift; path = JournaNetPostsAppApp.swift; sourceTree = "<group>"; };
		34C3C4F02C3BF16F00D47100 /* OnboardView.swift */ = {isa = PBXFileReference; lastKnownFileType = sourcecode.swift; path = OnboardView.swift; sourceTree = "<group>"; };
		34C3C4F22C3BF17000D47100 /* Assets.xcassets */ = {isa = PBXFileReference; lastKnownFileType = folder.assetcatalog; path = Assets.xcassets; sourceTree = "<group>"; };
		34C3C4F52C3BF17000D47100 /* Preview Assets.xcassets */ = {isa = PBXFileReference; lastKnownFileType = folder.assetcatalog; path = "Preview Assets.xcassets"; sourceTree = "<group>"; };
		34C3C4FF2C3C1C8900D47100 /* OnboardViewLogo.swift */ = {isa = PBXFileReference; lastKnownFileType = sourcecode.swift; path = OnboardViewLogo.swift; sourceTree = "<group>"; };
		34CC71DC2C3D491700B472E1 /* Tab.swift */ = {isa = PBXFileReference; lastKnownFileType = sourcecode.swift; path = Tab.swift; sourceTree = "<group>"; };
		34CC71E12C3D5C3400B472E1 /* ArticlesView.swift */ = {isa = PBXFileReference; lastKnownFileType = sourcecode.swift; path = ArticlesView.swift; sourceTree = "<group>"; };
		34CC71E32C3D5C6D00B472E1 /* EventsView.swift */ = {isa = PBXFileReference; lastKnownFileType = sourcecode.swift; path = EventsView.swift; sourceTree = "<group>"; };
		34CC71E52C3D5CA300B472E1 /* BudgetView.swift */ = {isa = PBXFileReference; lastKnownFileType = sourcecode.swift; path = BudgetView.swift; sourceTree = "<group>"; };
		34CC71E72C3D5CB900B472E1 /* PostsView.swift */ = {isa = PBXFileReference; lastKnownFileType = sourcecode.swift; path = PostsView.swift; sourceTree = "<group>"; };
		34CC71E92C3D5CD200B472E1 /* SettingsView.swift */ = {isa = PBXFileReference; lastKnownFileType = sourcecode.swift; path = SettingsView.swift; sourceTree = "<group>"; };
		34E833292C889E4000BBA707 /* ArticlesInfoView.swift */ = {isa = PBXFileReference; lastKnownFileType = sourcecode.swift; path = ArticlesInfoView.swift; sourceTree = "<group>"; };
		34E8332C2C88B17300BBA707 /* DeveloperPreview.swift */ = {isa = PBXFileReference; lastKnownFileType = sourcecode.swift; path = DeveloperPreview.swift; sourceTree = "<group>"; };
/* End PBXFileReference section */

/* Begin PBXFrameworksBuildPhase section */
		34C3C4E82C3BF16F00D47100 /* Frameworks */ = {
			isa = PBXFrameworksBuildPhase;
			buildActionMask = 2147483647;
			files = (
			);
			runOnlyForDeploymentPostprocessing = 0;
		};
/* End PBXFrameworksBuildPhase section */

/* Begin PBXGroup section */
		34A3C3E92C8756A100B548A3 /* ArticlesView */ = {
			isa = PBXGroup;
			children = (
				34ABC92D2C6DF76600D2F734 /* ViewComponents */,
				34CC71E12C3D5C3400B472E1 /* ArticlesView.swift */,
				34152DBD2C6E27E700704E9C /* ArticlesAddNewView.swift */,
				34A3C3EE2C87615700B548A3 /* ArticlesEditView.swift */,
				34E833292C889E4000BBA707 /* ArticlesInfoView.swift */,
			);
			path = ArticlesView;
			sourceTree = "<group>";
		};
		34A3C3EA2C8756AF00B548A3 /* EventsView */ = {
			isa = PBXGroup;
			children = (
				34CC71E32C3D5C6D00B472E1 /* EventsView.swift */,
			);
			path = EventsView;
			sourceTree = "<group>";
		};
		34A3C3EB2C8756B900B548A3 /* BudgetView */ = {
			isa = PBXGroup;
			children = (
				34CC71E52C3D5CA300B472E1 /* BudgetView.swift */,
			);
			path = BudgetView;
			sourceTree = "<group>";
		};
		34A3C3EC2C8756C100B548A3 /* PostsView */ = {
			isa = PBXGroup;
			children = (
				34CC71E72C3D5CB900B472E1 /* PostsView.swift */,
			);
			path = PostsView;
			sourceTree = "<group>";
		};
		34A3C3ED2C8756CB00B548A3 /* SettingsView */ = {
			isa = PBXGroup;
			children = (
				34CC71E92C3D5CD200B472E1 /* SettingsView.swift */,
			);
			path = SettingsView;
			sourceTree = "<group>";
		};
		34ABC92B2C6DF73E00D2F734 /* MainView */ = {
			isa = PBXGroup;
			children = (
				34ABC92C2C6DF74F00D2F734 /* Component */,
				346CED9F2C3D33830099DF2F /* RootUIView.swift */,
				346CEDA12C3D345C0099DF2F /* IntroView.swift */,
			);
			path = MainView;
			sourceTree = "<group>";
		};
		34ABC92C2C6DF74F00D2F734 /* Component */ = {
			isa = PBXGroup;
			children = (
				34C3C4FF2C3C1C8900D47100 /* OnboardViewLogo.swift */,
				34C3C4F02C3BF16F00D47100 /* OnboardView.swift */,
			);
			path = Component;
			sourceTree = "<group>";
		};
		34ABC92D2C6DF76600D2F734 /* ViewComponents */ = {
			isa = PBXGroup;
			children = (
				34152DC92C6E43CE00704E9C /* CategoryLineView.swift */,
				34ABC92E2C6DF7A600D2F734 /* RowViewComponent.swift */,
			);
			path = ViewComponents;
			sourceTree = "<group>";
		};
		34C3C4E22C3BF16F00D47100 = {
			isa = PBXGroup;
			children = (
				34C3C4ED2C3BF16F00D47100 /* JournaNetPostsApp */,
				34C3C4EC2C3BF16F00D47100 /* Products */,
			);
			sourceTree = "<group>";
		};
		34C3C4EC2C3BF16F00D47100 /* Products */ = {
			isa = PBXGroup;
			children = (
				34C3C4EB2C3BF16F00D47100 /* JournaNetPostsApp.app */,
			);
			name = Products;
			sourceTree = "<group>";
		};
		34C3C4ED2C3BF16F00D47100 /* JournaNetPostsApp */ = {
			isa = PBXGroup;
			children = (
				34C3C4EE2C3BF16F00D47100 /* JournaNetPostsAppApp.swift */,
				34E8332B2C88B15100BBA707 /* Developer */,
				34CC71DE2C3D57E100B472E1 /* Extension */,
				34C3C4FD2C3C1C6600D47100 /* Model */,
				34C3C4FE2C3C1C6F00D47100 /* ViewModel */,
				34C3C4FC2C3C1C5A00D47100 /* View */,
				34C3C4F22C3BF17000D47100 /* Assets.xcassets */,
				34C3C4F42C3BF17000D47100 /* Preview Content */,
			);
			path = JournaNetPostsApp;
			sourceTree = "<group>";
		};
		34C3C4F42C3BF17000D47100 /* Preview Content */ = {
			isa = PBXGroup;
			children = (
				34C3C4F52C3BF17000D47100 /* Preview Assets.xcassets */,
				346F72482C8B565000A3F013 /* PreviewContainer.swift */,
				346F724A2C8B568900A3F013 /* ArticlesSamples.swift */,
			);
			path = "Preview Content";
			sourceTree = "<group>";
		};
		34C3C4FC2C3C1C5A00D47100 /* View */ = {
			isa = PBXGroup;
			children = (
				34ABC92B2C6DF73E00D2F734 /* MainView */,
				34CC71EB2C3D5CE800B472E1 /* ViewTabs */,
			);
			path = View;
			sourceTree = "<group>";
		};
		34C3C4FD2C3C1C6600D47100 /* Model */ = {
			isa = PBXGroup;
			children = (
				34CC71DC2C3D491700B472E1 /* Tab.swift */,
				34152DBB2C6E1F9B00704E9C /* ArticlesModel.swift */,
				34152DC52C6E3BEB00704E9C /* CategoryLine.swift */,
			);
			path = Model;
			sourceTree = "<group>";
		};
		34C3C4FE2C3C1C6F00D47100 /* ViewModel */ = {
			isa = PBXGroup;
			children = (
				34152DCB2C6E46C400704E9C /* ArticlesViewModel.swift */,
			);
			path = ViewModel;
			sourceTree = "<group>";
		};
		34CC71DE2C3D57E100B472E1 /* Extension */ = {
			isa = PBXGroup;
			children = (
				34152DBF2C6E287400704E9C /* ButtonStyleViewModifier.swift */,
				34152DC32C6E290700704E9C /* TextFieldViewModifier.swift */,
				34152DC02C6E287400704E9C /* RoundedCornerShape.swift */,
			);
			path = Extension;
			sourceTree = "<group>";
		};
		34CC71EB2C3D5CE800B472E1 /* ViewTabs */ = {
			isa = PBXGroup;
			children = (
				34A3C3ED2C8756CB00B548A3 /* SettingsView */,
				34A3C3EC2C8756C100B548A3 /* PostsView */,
				34A3C3EB2C8756B900B548A3 /* BudgetView */,
				34A3C3EA2C8756AF00B548A3 /* EventsView */,
				34A3C3E92C8756A100B548A3 /* ArticlesView */,
			);
			path = ViewTabs;
			sourceTree = "<group>";
		};
		34E8332B2C88B15100BBA707 /* Developer */ = {
			isa = PBXGroup;
			children = (
				34E8332C2C88B17300BBA707 /* DeveloperPreview.swift */,
			);
			path = Developer;
			sourceTree = "<group>";
		};
/* End PBXGroup section */

/* Begin PBXNativeTarget section */
		34C3C4EA2C3BF16F00D47100 /* JournaNetPostsApp */ = {
			isa = PBXNativeTarget;
			buildConfigurationList = 34C3C4F92C3BF17000D47100 /* Build configuration list for PBXNativeTarget "JournaNetPostsApp" */;
			buildPhases = (
				34C3C4E72C3BF16F00D47100 /* Sources */,
				34C3C4E82C3BF16F00D47100 /* Frameworks */,
				34C3C4E92C3BF16F00D47100 /* Resources */,
			);
			buildRules = (
			);
			dependencies = (
			);
			name = JournaNetPostsApp;
			productName = JournaNetPostsApp;
			productReference = 34C3C4EB2C3BF16F00D47100 /* JournaNetPostsApp.app */;
			productType = "com.apple.product-type.application";
		};
/* End PBXNativeTarget section */

/* Begin PBXProject section */
		34C3C4E32C3BF16F00D47100 /* Project object */ = {
			isa = PBXProject;
			attributes = {
				BuildIndependentTargetsInParallel = 1;
				LastSwiftUpdateCheck = 1540;
				LastUpgradeCheck = 1540;
				TargetAttributes = {
					34C3C4EA2C3BF16F00D47100 = {
						CreatedOnToolsVersion = 15.4;
					};
				};
			};
			buildConfigurationList = 34C3C4E62C3BF16F00D47100 /* Build configuration list for PBXProject "JournaNetPostsApp" */;
			compatibilityVersion = "Xcode 14.0";
			developmentRegion = en;
			hasScannedForEncodings = 0;
			knownRegions = (
				en,
				Base,
			);
			mainGroup = 34C3C4E22C3BF16F00D47100;
			productRefGroup = 34C3C4EC2C3BF16F00D47100 /* Products */;
			projectDirPath = "";
			projectRoot = "";
			targets = (
				34C3C4EA2C3BF16F00D47100 /* JournaNetPostsApp */,
			);
		};
/* End PBXProject section */

/* Begin PBXResourcesBuildPhase section */
		34C3C4E92C3BF16F00D47100 /* Resources */ = {
			isa = PBXResourcesBuildPhase;
			buildActionMask = 2147483647;
			files = (
				34C3C4F62C3BF17000D47100 /* Preview Assets.xcassets in Resources */,
				34C3C4F32C3BF17000D47100 /* Assets.xcassets in Resources */,
			);
			runOnlyForDeploymentPostprocessing = 0;
		};
/* End PBXResourcesBuildPhase section */

/* Begin PBXSourcesBuildPhase section */
		34C3C4E72C3BF16F00D47100 /* Sources */ = {
			isa = PBXSourcesBuildPhase;
			buildActionMask = 2147483647;
			files = (
				34C3C4F12C3BF16F00D47100 /* OnboardView.swift in Sources */,
				34C3C5002C3C1C8900D47100 /* OnboardViewLogo.swift in Sources */,
				34A3C3EF2C87615700B548A3 /* ArticlesEditView.swift in Sources */,
				34152DCC2C6E46C400704E9C /* ArticlesViewModel.swift in Sources */,
				34E8332D2C88B17300BBA707 /* DeveloperPreview.swift in Sources */,
				34152DBE2C6E27E700704E9C /* ArticlesAddNewView.swift in Sources */,
				346F724B2C8B568900A3F013 /* ArticlesSamples.swift in Sources */,
				346F72492C8B565000A3F013 /* PreviewContainer.swift in Sources */,
				34CC71E22C3D5C3400B472E1 /* ArticlesView.swift in Sources */,
				34ABC92F2C6DF7A600D2F734 /* RowViewComponent.swift in Sources */,
				34152DC12C6E287400704E9C /* ButtonStyleViewModifier.swift in Sources */,
				34CC71E42C3D5C6D00B472E1 /* EventsView.swift in Sources */,
				34E8332A2C889E4000BBA707 /* ArticlesInfoView.swift in Sources */,
				34CC71E62C3D5CA300B472E1 /* BudgetView.swift in Sources */,
				346CEDA22C3D345C0099DF2F /* IntroView.swift in Sources */,
				34CC71DD2C3D491700B472E1 /* Tab.swift in Sources */,
				34152DBC2C6E1F9B00704E9C /* ArticlesModel.swift in Sources */,
				346CEDA02C3D33830099DF2F /* RootUIView.swift in Sources */,
				34152DC42C6E290700704E9C /* TextFieldViewModifier.swift in Sources */,
				34CC71E82C3D5CB900B472E1 /* PostsView.swift in Sources */,
				34C3C4EF2C3BF16F00D47100 /* JournaNetPostsAppApp.swift in Sources */,
				34152DCA2C6E43CE00704E9C /* CategoryLineView.swift in Sources */,
				34152DC62C6E3BEB00704E9C /* CategoryLine.swift in Sources */,
				34152DC22C6E287400704E9C /* RoundedCornerShape.swift in Sources */,
				34CC71EA2C3D5CD200B472E1 /* SettingsView.swift in Sources */,
			);
			runOnlyForDeploymentPostprocessing = 0;
		};
/* End PBXSourcesBuildPhase section */

/* Begin XCBuildConfiguration section */
		34C3C4F72C3BF17000D47100 /* Debug */ = {
			isa = XCBuildConfiguration;
			buildSettings = {
				ALWAYS_SEARCH_USER_PATHS = NO;
				ASSETCATALOG_COMPILER_GENERATE_SWIFT_ASSET_SYMBOL_EXTENSIONS = YES;
				CLANG_ANALYZER_NONNULL = YES;
				CLANG_ANALYZER_NUMBER_OBJECT_CONVERSION = YES_AGGRESSIVE;
				CLANG_CXX_LANGUAGE_STANDARD = "gnu++20";
				CLANG_ENABLE_MODULES = YES;
				CLANG_ENABLE_OBJC_ARC = YES;
				CLANG_ENABLE_OBJC_WEAK = YES;
				CLANG_WARN_BLOCK_CAPTURE_AUTORELEASING = YES;
				CLANG_WARN_BOOL_CONVERSION = YES;
				CLANG_WARN_COMMA = YES;
				CLANG_WARN_CONSTANT_CONVERSION = YES;
				CLANG_WARN_DEPRECATED_OBJC_IMPLEMENTATIONS = YES;
				CLANG_WARN_DIRECT_OBJC_ISA_USAGE = YES_ERROR;
				CLANG_WARN_DOCUMENTATION_COMMENTS = YES;
				CLANG_WARN_EMPTY_BODY = YES;
				CLANG_WARN_ENUM_CONVERSION = YES;
				CLANG_WARN_INFINITE_RECURSION = YES;
				CLANG_WARN_INT_CONVERSION = YES;
				CLANG_WARN_NON_LITERAL_NULL_CONVERSION = YES;
				CLANG_WARN_OBJC_IMPLICIT_RETAIN_SELF = YES;
				CLANG_WARN_OBJC_LITERAL_CONVERSION = YES;
				CLANG_WARN_OBJC_ROOT_CLASS = YES_ERROR;
				CLANG_WARN_QUOTED_INCLUDE_IN_FRAMEWORK_HEADER = YES;
				CLANG_WARN_RANGE_LOOP_ANALYSIS = YES;
				CLANG_WARN_STRICT_PROTOTYPES = YES;
				CLANG_WARN_SUSPICIOUS_MOVE = YES;
				CLANG_WARN_UNGUARDED_AVAILABILITY = YES_AGGRESSIVE;
				CLANG_WARN_UNREACHABLE_CODE = YES;
				CLANG_WARN__DUPLICATE_METHOD_MATCH = YES;
				COPY_PHASE_STRIP = NO;
				DEBUG_INFORMATION_FORMAT = dwarf;
				ENABLE_STRICT_OBJC_MSGSEND = YES;
				ENABLE_TESTABILITY = YES;
				ENABLE_USER_SCRIPT_SANDBOXING = YES;
				GCC_C_LANGUAGE_STANDARD = gnu17;
				GCC_DYNAMIC_NO_PIC = NO;
				GCC_NO_COMMON_BLOCKS = YES;
				GCC_OPTIMIZATION_LEVEL = 0;
				GCC_PREPROCESSOR_DEFINITIONS = (
					"DEBUG=1",
					"$(inherited)",
				);
				GCC_WARN_64_TO_32_BIT_CONVERSION = YES;
				GCC_WARN_ABOUT_RETURN_TYPE = YES_ERROR;
				GCC_WARN_UNDECLARED_SELECTOR = YES;
				GCC_WARN_UNINITIALIZED_AUTOS = YES_AGGRESSIVE;
				GCC_WARN_UNUSED_FUNCTION = YES;
				GCC_WARN_UNUSED_VARIABLE = YES;
				IPHONEOS_DEPLOYMENT_TARGET = 17.5;
				LOCALIZATION_PREFERS_STRING_CATALOGS = YES;
				MTL_ENABLE_DEBUG_INFO = INCLUDE_SOURCE;
				MTL_FAST_MATH = YES;
				ONLY_ACTIVE_ARCH = YES;
				SDKROOT = iphoneos;
				SWIFT_ACTIVE_COMPILATION_CONDITIONS = "DEBUG $(inherited)";
				SWIFT_OPTIMIZATION_LEVEL = "-Onone";
			};
			name = Debug;
		};
		34C3C4F82C3BF17000D47100 /* Release */ = {
			isa = XCBuildConfiguration;
			buildSettings = {
				ALWAYS_SEARCH_USER_PATHS = NO;
				ASSETCATALOG_COMPILER_GENERATE_SWIFT_ASSET_SYMBOL_EXTENSIONS = YES;
				CLANG_ANALYZER_NONNULL = YES;
				CLANG_ANALYZER_NUMBER_OBJECT_CONVERSION = YES_AGGRESSIVE;
				CLANG_CXX_LANGUAGE_STANDARD = "gnu++20";
				CLANG_ENABLE_MODULES = YES;
				CLANG_ENABLE_OBJC_ARC = YES;
				CLANG_ENABLE_OBJC_WEAK = YES;
				CLANG_WARN_BLOCK_CAPTURE_AUTORELEASING = YES;
				CLANG_WARN_BOOL_CONVERSION = YES;
				CLANG_WARN_COMMA = YES;
				CLANG_WARN_CONSTANT_CONVERSION = YES;
				CLANG_WARN_DEPRECATED_OBJC_IMPLEMENTATIONS = YES;
				CLANG_WARN_DIRECT_OBJC_ISA_USAGE = YES_ERROR;
				CLANG_WARN_DOCUMENTATION_COMMENTS = YES;
				CLANG_WARN_EMPTY_BODY = YES;
				CLANG_WARN_ENUM_CONVERSION = YES;
				CLANG_WARN_INFINITE_RECURSION = YES;
				CLANG_WARN_INT_CONVERSION = YES;
				CLANG_WARN_NON_LITERAL_NULL_CONVERSION = YES;
				CLANG_WARN_OBJC_IMPLICIT_RETAIN_SELF = YES;
				CLANG_WARN_OBJC_LITERAL_CONVERSION = YES;
				CLANG_WARN_OBJC_ROOT_CLASS = YES_ERROR;
				CLANG_WARN_QUOTED_INCLUDE_IN_FRAMEWORK_HEADER = YES;
				CLANG_WARN_RANGE_LOOP_ANALYSIS = YES;
				CLANG_WARN_STRICT_PROTOTYPES = YES;
				CLANG_WARN_SUSPICIOUS_MOVE = YES;
				CLANG_WARN_UNGUARDED_AVAILABILITY = YES_AGGRESSIVE;
				CLANG_WARN_UNREACHABLE_CODE = YES;
				CLANG_WARN__DUPLICATE_METHOD_MATCH = YES;
				COPY_PHASE_STRIP = NO;
				DEBUG_INFORMATION_FORMAT = "dwarf-with-dsym";
				ENABLE_NS_ASSERTIONS = NO;
				ENABLE_STRICT_OBJC_MSGSEND = YES;
				ENABLE_USER_SCRIPT_SANDBOXING = YES;
				GCC_C_LANGUAGE_STANDARD = gnu17;
				GCC_NO_COMMON_BLOCKS = YES;
				GCC_WARN_64_TO_32_BIT_CONVERSION = YES;
				GCC_WARN_ABOUT_RETURN_TYPE = YES_ERROR;
				GCC_WARN_UNDECLARED_SELECTOR = YES;
				GCC_WARN_UNINITIALIZED_AUTOS = YES_AGGRESSIVE;
				GCC_WARN_UNUSED_FUNCTION = YES;
				GCC_WARN_UNUSED_VARIABLE = YES;
				IPHONEOS_DEPLOYMENT_TARGET = 17.5;
				LOCALIZATION_PREFERS_STRING_CATALOGS = YES;
				MTL_ENABLE_DEBUG_INFO = NO;
				MTL_FAST_MATH = YES;
				SDKROOT = iphoneos;
				SWIFT_COMPILATION_MODE = wholemodule;
				VALIDATE_PRODUCT = YES;
			};
			name = Release;
		};
		34C3C4FA2C3BF17000D47100 /* Debug */ = {
			isa = XCBuildConfiguration;
			buildSettings = {
				ASSETCATALOG_COMPILER_APPICON_NAME = AppIcon;
				ASSETCATALOG_COMPILER_GLOBAL_ACCENT_COLOR_NAME = AccentColor;
				CODE_SIGN_STYLE = Automatic;
				CURRENT_PROJECT_VERSION = 1;
				DEVELOPMENT_ASSET_PATHS = "\"JournaNetPostsApp/Preview Content\"";
				DEVELOPMENT_TEAM = U4A9CNA96C;
				ENABLE_PREVIEWS = YES;
				GENERATE_INFOPLIST_FILE = YES;
				INFOPLIST_KEY_UIApplicationSceneManifest_Generation = YES;
				INFOPLIST_KEY_UIApplicationSupportsIndirectInputEvents = YES;
				INFOPLIST_KEY_UILaunchScreen_Generation = YES;
				INFOPLIST_KEY_UISupportedInterfaceOrientations_iPad = "UIInterfaceOrientationPortrait UIInterfaceOrientationPortraitUpsideDown UIInterfaceOrientationLandscapeLeft UIInterfaceOrientationLandscapeRight";
				INFOPLIST_KEY_UISupportedInterfaceOrientations_iPhone = "UIInterfaceOrientationPortrait UIInterfaceOrientationLandscapeLeft UIInterfaceOrientationLandscapeRight";
				LD_RUNPATH_SEARCH_PATHS = (
					"$(inherited)",
					"@executable_path/Frameworks",
				);
				MARKETING_VERSION = 1.0;
				PRODUCT_BUNDLE_IDENTIFIER = com.hakobghlijyan.JournaNetPostsApp;
				PRODUCT_NAME = "$(TARGET_NAME)";
				SWIFT_EMIT_LOC_STRINGS = YES;
				SWIFT_VERSION = 5.0;
				TARGETED_DEVICE_FAMILY = "1,2";
			};
			name = Debug;
		};
		34C3C4FB2C3BF17000D47100 /* Release */ = {
			isa = XCBuildConfiguration;
			buildSettings = {
				ASSETCATALOG_COMPILER_APPICON_NAME = AppIcon;
				ASSETCATALOG_COMPILER_GLOBAL_ACCENT_COLOR_NAME = AccentColor;
				CODE_SIGN_STYLE = Automatic;
				CURRENT_PROJECT_VERSION = 1;
				DEVELOPMENT_ASSET_PATHS = "\"JournaNetPostsApp/Preview Content\"";
				DEVELOPMENT_TEAM = U4A9CNA96C;
				ENABLE_PREVIEWS = YES;
				GENERATE_INFOPLIST_FILE = YES;
				INFOPLIST_KEY_UIApplicationSceneManifest_Generation = YES;
				INFOPLIST_KEY_UIApplicationSupportsIndirectInputEvents = YES;
				INFOPLIST_KEY_UILaunchScreen_Generation = YES;
				INFOPLIST_KEY_UISupportedInterfaceOrientations_iPad = "UIInterfaceOrientationPortrait UIInterfaceOrientationPortraitUpsideDown UIInterfaceOrientationLandscapeLeft UIInterfaceOrientationLandscapeRight";
				INFOPLIST_KEY_UISupportedInterfaceOrientations_iPhone = "UIInterfaceOrientationPortrait UIInterfaceOrientationLandscapeLeft UIInterfaceOrientationLandscapeRight";
				LD_RUNPATH_SEARCH_PATHS = (
					"$(inherited)",
					"@executable_path/Frameworks",
				);
				MARKETING_VERSION = 1.0;
				PRODUCT_BUNDLE_IDENTIFIER = com.hakobghlijyan.JournaNetPostsApp;
				PRODUCT_NAME = "$(TARGET_NAME)";
				SWIFT_EMIT_LOC_STRINGS = YES;
				SWIFT_VERSION = 5.0;
				TARGETED_DEVICE_FAMILY = "1,2";
			};
			name = Release;
		};
/* End XCBuildConfiguration section */

/* Begin XCConfigurationList section */
		34C3C4E62C3BF16F00D47100 /* Build configuration list for PBXProject "JournaNetPostsApp" */ = {
			isa = XCConfigurationList;
			buildConfigurations = (
				34C3C4F72C3BF17000D47100 /* Debug */,
				34C3C4F82C3BF17000D47100 /* Release */,
			);
			defaultConfigurationIsVisible = 0;
			defaultConfigurationName = Release;
		};
		34C3C4F92C3BF17000D47100 /* Build configuration list for PBXNativeTarget "JournaNetPostsApp" */ = {
			isa = XCConfigurationList;
			buildConfigurations = (
				34C3C4FA2C3BF17000D47100 /* Debug */,
				34C3C4FB2C3BF17000D47100 /* Release */,
			);
			defaultConfigurationIsVisible = 0;
			defaultConfigurationName = Release;
		};
/* End XCConfigurationList section */
	};
	rootObject = 34C3C4E32C3BF16F00D47100 /* Project object */;
}
